
Microsoft Visual Studio Solution File, Format Version 12.00
# Visual Studio 15
VisualStudioVersion = 15.0.26730.12
MinimumVisualStudioVersion = 10.0.40219.1
Project("{FAE04EC0-301F-11D3-BF4B-00C04F79EFBC}") = "MVC", "MVC\MVC.csproj", "{84A4FEE3-443A-45FF-87A4-292286EF4AA3}"
EndProject
Global
	GlobalSection(SolutionConfigurationPlatforms) = preSolution
		Debug|Any CPU = Debug|Any CPU
		Release|Any CPU = Release|Any CPU
	EndGlobalSection
	GlobalSection(ProjectConfigurationPlatforms) = postSolution
		{84A4FEE3-443A-45FF-87A4-292286EF4AA3}.Debug|Any CPU.ActiveCfg = Debug|Any CPU
		{84A4FEE3-443A-45FF-87A4-292286EF4AA3}.Debug|Any CPU.Build.0 = Debug|Any CPU
		{84A4FEE3-443A-45FF-87A4-292286EF4AA3}.Release|Any CPU.ActiveCfg = Release|Any CPU
		{84A4FEE3-443A-45FF-87A4-292286EF4AA3}.Release|Any CPU.Build.0 = Release|Any CPU
	EndGlobalSection
	GlobalSection(SolutionProperties) = preSolution
		HideSolutionNode = FALSE
	EndGlobalSection
	GlobalSection(ExtensibilityGlobals) = postSolution
		SolutionGuid = {E2B24AB8-BF36-4F59-A82B-2EBFBB2FD3C4}
	EndGlobalSection
EndGlobal
